// !$*UTF8*$!
{
	archiveVersion = 1;
	classes = {
	};
	objectVersion = 56;
	objects = {

/* Begin PBXBuildFile section */
		F81AFE212C39DB6D00A82813 /* AppetizersApp.swift in Sources */ = {isa = PBXBuildFile; fileRef = F81AFE202C39DB6D00A82813 /* AppetizersApp.swift */; };
		F81AFE232C39DB6D00A82813 /* AppetizerTabView.swift in Sources */ = {isa = PBXBuildFile; fileRef = F81AFE222C39DB6D00A82813 /* AppetizerTabView.swift */; };
		F81AFE252C39DB6F00A82813 /* Assets.xcassets in Resources */ = {isa = PBXBuildFile; fileRef = F81AFE242C39DB6F00A82813 /* Assets.xcassets */; };
		F81AFE282C39DB6F00A82813 /* Preview Assets.xcassets in Resources */ = {isa = PBXBuildFile; fileRef = F81AFE272C39DB6F00A82813 /* Preview Assets.xcassets */; };
		F81AFE2F2C39DBAD00A82813 /* AccountView.swift in Sources */ = {isa = PBXBuildFile; fileRef = F81AFE2E2C39DBAD00A82813 /* AccountView.swift */; };
		F81AFE312C39DBB400A82813 /* AppetizerListView.swift in Sources */ = {isa = PBXBuildFile; fileRef = F81AFE302C39DBB400A82813 /* AppetizerListView.swift */; };
		F81AFE332C39DBB900A82813 /* OrderView.swift in Sources */ = {isa = PBXBuildFile; fileRef = F81AFE322C39DBB900A82813 /* OrderView.swift */; };
		F81AFE382C39DE5300A82813 /* Appetizer.swift in Sources */ = {isa = PBXBuildFile; fileRef = F81AFE372C39DE5300A82813 /* Appetizer.swift */; };
		F81AFE3B2C39E0D300A82813 /* Image+Extension.swift in Sources */ = {isa = PBXBuildFile; fileRef = F81AFE3A2C39E0D300A82813 /* Image+Extension.swift */; };
		F81AFE3D2C39E14B00A82813 /* AppetizerItem.swift in Sources */ = {isa = PBXBuildFile; fileRef = F81AFE3C2C39E14B00A82813 /* AppetizerItem.swift */; };
		F81AFE412C39E33700A82813 /* NetworkManager.swift in Sources */ = {isa = PBXBuildFile; fileRef = F81AFE402C39E33700A82813 /* NetworkManager.swift */; };
		F81AFE432C39E6CF00A82813 /* AppetizerListViewModel.swift in Sources */ = {isa = PBXBuildFile; fileRef = F81AFE422C39E6CF00A82813 /* AppetizerListViewModel.swift */; };
		F81AFE452C39E8B100A82813 /* Alert.swift in Sources */ = {isa = PBXBuildFile; fileRef = F81AFE442C39E8B100A82813 /* Alert.swift */; };
		F81AFE472C39EAAA00A82813 /* LoadingView.swift in Sources */ = {isa = PBXBuildFile; fileRef = F81AFE462C39EAAA00A82813 /* LoadingView.swift */; };
		F81AFE4A2C39ED8E00A82813 /* AppetizerDetailView.swift in Sources */ = {isa = PBXBuildFile; fileRef = F81AFE492C39ED8E00A82813 /* AppetizerDetailView.swift */; };
		F83FDE592C3A159F008F650A /* APButton.swift in Sources */ = {isa = PBXBuildFile; fileRef = F83FDE582C3A159F008F650A /* APButton.swift */; };
		F83FDE5B2C3A19C3008F650A /* AccountViewModel.swift in Sources */ = {isa = PBXBuildFile; fileRef = F83FDE5A2C3A19C3008F650A /* AccountViewModel.swift */; };
		F83FDE5D2C3A1A87008F650A /* String+Extension.swift in Sources */ = {isa = PBXBuildFile; fileRef = F83FDE5C2C3A1A87008F650A /* String+Extension.swift */; };
		F83FDE5F2C3A1C89008F650A /* User.swift in Sources */ = {isa = PBXBuildFile; fileRef = F83FDE5E2C3A1C89008F650A /* User.swift */; };
		F8E97D182C3A01B9002837C2 /* AppetizerInfoView.swift in Sources */ = {isa = PBXBuildFile; fileRef = F8E97D172C3A01B9002837C2 /* AppetizerInfoView.swift */; };
/* End PBXBuildFile section */

/* Begin PBXFileReference section */
		F81AFE1D2C39DB6D00A82813 /* Appetizers.app */ = {isa = PBXFileReference; explicitFileType = wrapper.application; includeInIndex = 0; path = Appetizers.app; sourceTree = BUILT_PRODUCTS_DIR; };
		F81AFE202C39DB6D00A82813 /* AppetizersApp.swift */ = {isa = PBXFileReference; lastKnownFileType = sourcecode.swift; path = AppetizersApp.swift; sourceTree = "<group>"; };
		F81AFE222C39DB6D00A82813 /* AppetizerTabView.swift */ = {isa = PBXFileReference; lastKnownFileType = sourcecode.swift; path = AppetizerTabView.swift; sourceTree = "<group>"; };
		F81AFE242C39DB6F00A82813 /* Assets.xcassets */ = {isa = PBXFileReference; lastKnownFileType = folder.assetcatalog; path = Assets.xcassets; sourceTree = "<group>"; };
		F81AFE272C39DB6F00A82813 /* Preview Assets.xcassets */ = {isa = PBXFileReference; lastKnownFileType = folder.assetcatalog; path = "Preview Assets.xcassets"; sourceTree = "<group>"; };
		F81AFE2E2C39DBAD00A82813 /* AccountView.swift */ = {isa = PBXFileReference; lastKnownFileType = sourcecode.swift; path = AccountView.swift; sourceTree = "<group>"; };
		F81AFE302C39DBB400A82813 /* AppetizerListView.swift */ = {isa = PBXFileReference; lastKnownFileType = sourcecode.swift; path = AppetizerListView.swift; sourceTree = "<group>"; };
		F81AFE322C39DBB900A82813 /* OrderView.swift */ = {isa = PBXFileReference; lastKnownFileType = sourcecode.swift; path = OrderView.swift; sourceTree = "<group>"; };
		F81AFE372C39DE5300A82813 /* Appetizer.swift */ = {isa = PBXFileReference; lastKnownFileType = sourcecode.swift; path = Appetizer.swift; sourceTree = "<group>"; };
		F81AFE3A2C39E0D300A82813 /* Image+Extension.swift */ = {isa = PBXFileReference; lastKnownFileType = sourcecode.swift; path = "Image+Extension.swift"; sourceTree = "<group>"; };
		F81AFE3C2C39E14B00A82813 /* AppetizerItem.swift */ = {isa = PBXFileReference; lastKnownFileType = sourcecode.swift; path = AppetizerItem.swift; sourceTree = "<group>"; };
		F81AFE402C39E33700A82813 /* NetworkManager.swift */ = {isa = PBXFileReference; lastKnownFileType = sourcecode.swift; path = NetworkManager.swift; sourceTree = "<group>"; };
		F81AFE422C39E6CF00A82813 /* AppetizerListViewModel.swift */ = {isa = PBXFileReference; lastKnownFileType = sourcecode.swift; path = AppetizerListViewModel.swift; sourceTree = "<group>"; };
		F81AFE442C39E8B100A82813 /* Alert.swift */ = {isa = PBXFileReference; lastKnownFileType = sourcecode.swift; path = Alert.swift; sourceTree = "<group>"; };
		F81AFE462C39EAAA00A82813 /* LoadingView.swift */ = {isa = PBXFileReference; lastKnownFileType = sourcecode.swift; path = LoadingView.swift; sourceTree = "<group>"; };
		F81AFE492C39ED8E00A82813 /* AppetizerDetailView.swift */ = {isa = PBXFileReference; lastKnownFileType = sourcecode.swift; path = AppetizerDetailView.swift; sourceTree = "<group>"; };
		F83FDE582C3A159F008F650A /* APButton.swift */ = {isa = PBXFileReference; lastKnownFileType = sourcecode.swift; path = APButton.swift; sourceTree = "<group>"; };
		F83FDE5A2C3A19C3008F650A /* AccountViewModel.swift */ = {isa = PBXFileReference; lastKnownFileType = sourcecode.swift; path = AccountViewModel.swift; sourceTree = "<group>"; };
		F83FDE5C2C3A1A87008F650A /* String+Extension.swift */ = {isa = PBXFileReference; lastKnownFileType = sourcecode.swift; path = "String+Extension.swift"; sourceTree = "<group>"; };
		F83FDE5E2C3A1C89008F650A /* User.swift */ = {isa = PBXFileReference; lastKnownFileType = sourcecode.swift; path = User.swift; sourceTree = "<group>"; };
		F8E97D172C3A01B9002837C2 /* AppetizerInfoView.swift */ = {isa = PBXFileReference; lastKnownFileType = sourcecode.swift; path = AppetizerInfoView.swift; sourceTree = "<group>"; };
/* End PBXFileReference section */

/* Begin PBXFrameworksBuildPhase section */
		F81AFE1A2C39DB6D00A82813 /* Frameworks */ = {
			isa = PBXFrameworksBuildPhase;
			buildActionMask = 2147483647;
			files = (
			);
			runOnlyForDeploymentPostprocessing = 0;
		};
/* End PBXFrameworksBuildPhase section */

/* Begin PBXGroup section */
		F81AFE142C39DB6D00A82813 = {
			isa = PBXGroup;
			children = (
				F81AFE1F2C39DB6D00A82813 /* Appetizers */,
				F81AFE1E2C39DB6D00A82813 /* Products */,
			);
			sourceTree = "<group>";
		};
		F81AFE1E2C39DB6D00A82813 /* Products */ = {
			isa = PBXGroup;
			children = (
				F81AFE1D2C39DB6D00A82813 /* Appetizers.app */,
			);
			name = Products;
			sourceTree = "<group>";
		};
		F81AFE1F2C39DB6D00A82813 /* Appetizers */ = {
			isa = PBXGroup;
			children = (
				F81AFE3F2C39E32400A82813 /* NetworkManager */,
				F81AFE352C39DC5400A82813 /* Assets */,
				F81AFE392C39E0C800A82813 /* Utils */,
				F81AFE362C39DE4000A82813 /* Models */,
				F81AFE3E2C39E31100A82813 /* ViewModel */,
				F81AFE342C39DBC000A82813 /* Views */,
				F81AFE202C39DB6D00A82813 /* AppetizersApp.swift */,
				F81AFE262C39DB6F00A82813 /* Preview Content */,
			);
			path = Appetizers;
			sourceTree = "<group>";
		};
		F81AFE262C39DB6F00A82813 /* Preview Content */ = {
			isa = PBXGroup;
			children = (
				F81AFE272C39DB6F00A82813 /* Preview Assets.xcassets */,
			);
			path = "Preview Content";
			sourceTree = "<group>";
		};
		F81AFE342C39DBC000A82813 /* Views */ = {
			isa = PBXGroup;
			children = (
				F81AFE482C39ECE100A82813 /* ReusableViews */,
				F81AFE302C39DBB400A82813 /* AppetizerListView.swift */,
				F81AFE2E2C39DBAD00A82813 /* AccountView.swift */,
				F81AFE322C39DBB900A82813 /* OrderView.swift */,
				F81AFE222C39DB6D00A82813 /* AppetizerTabView.swift */,
			);
			path = Views;
			sourceTree = "<group>";
		};
		F81AFE352C39DC5400A82813 /* Assets */ = {
			isa = PBXGroup;
			children = (
				F81AFE242C39DB6F00A82813 /* Assets.xcassets */,
			);
			path = Assets;
			sourceTree = "<group>";
		};
		F81AFE362C39DE4000A82813 /* Models */ = {
			isa = PBXGroup;
			children = (
				F81AFE372C39DE5300A82813 /* Appetizer.swift */,
				F81AFE442C39E8B100A82813 /* Alert.swift */,
				F83FDE5E2C3A1C89008F650A /* User.swift */,
			);
			path = Models;
			sourceTree = "<group>";
		};
		F81AFE392C39E0C800A82813 /* Utils */ = {
			isa = PBXGroup;
			children = (
				F81AFE3A2C39E0D300A82813 /* Image+Extension.swift */,
				F83FDE5C2C3A1A87008F650A /* String+Extension.swift */,
			);
			path = Utils;
			sourceTree = "<group>";
		};
		F81AFE3E2C39E31100A82813 /* ViewModel */ = {
			isa = PBXGroup;
			children = (
				F81AFE422C39E6CF00A82813 /* AppetizerListViewModel.swift */,
				F83FDE5A2C3A19C3008F650A /* AccountViewModel.swift */,
			);
			path = ViewModel;
			sourceTree = "<group>";
		};
		F81AFE3F2C39E32400A82813 /* NetworkManager */ = {
			isa = PBXGroup;
			children = (
				F81AFE402C39E33700A82813 /* NetworkManager.swift */,
			);
			path = NetworkManager;
			sourceTree = "<group>";
		};
		F81AFE482C39ECE100A82813 /* ReusableViews */ = {
			isa = PBXGroup;
			children = (
				F81AFE3C2C39E14B00A82813 /* AppetizerItem.swift */,
				F81AFE462C39EAAA00A82813 /* LoadingView.swift */,
				F8E97D172C3A01B9002837C2 /* AppetizerInfoView.swift */,
				F81AFE492C39ED8E00A82813 /* AppetizerDetailView.swift */,
				F83FDE582C3A159F008F650A /* APButton.swift */,
			);
			path = ReusableViews;
			sourceTree = "<group>";
		};
/* End PBXGroup section */

/* Begin PBXNativeTarget section */
		F81AFE1C2C39DB6D00A82813 /* Appetizers */ = {
			isa = PBXNativeTarget;
			buildConfigurationList = F81AFE2B2C39DB6F00A82813 /* Build configuration list for PBXNativeTarget "Appetizers" */;
			buildPhases = (
				F81AFE192C39DB6D00A82813 /* Sources */,
				F81AFE1A2C39DB6D00A82813 /* Frameworks */,
				F81AFE1B2C39DB6D00A82813 /* Resources */,
			);
			buildRules = (
			);
			dependencies = (
			);
			name = Appetizers;
			productName = Appetizers;
			productReference = F81AFE1D2C39DB6D00A82813 /* Appetizers.app */;
			productType = "com.apple.product-type.application";
		};
/* End PBXNativeTarget section */

/* Begin PBXProject section */
		F81AFE152C39DB6D00A82813 /* Project object */ = {
			isa = PBXProject;
			attributes = {
				BuildIndependentTargetsInParallel = 1;
				LastSwiftUpdateCheck = 1540;
				LastUpgradeCheck = 1540;
				TargetAttributes = {
					F81AFE1C2C39DB6D00A82813 = {
						CreatedOnToolsVersion = 15.4;
					};
				};
			};
			buildConfigurationList = F81AFE182C39DB6D00A82813 /* Build configuration list for PBXProject "Appetizers" */;
			compatibilityVersion = "Xcode 14.0";
			developmentRegion = en;
			hasScannedForEncodings = 0;
			knownRegions = (
				en,
				Base,
			);
			mainGroup = F81AFE142C39DB6D00A82813;
			productRefGroup = F81AFE1E2C39DB6D00A82813 /* Products */;
			projectDirPath = "";
			projectRoot = "";
			targets = (
				F81AFE1C2C39DB6D00A82813 /* Appetizers */,
			);
		};
/* End PBXProject section */

/* Begin PBXResourcesBuildPhase section */
		F81AFE1B2C39DB6D00A82813 /* Resources */ = {
			isa = PBXResourcesBuildPhase;
			buildActionMask = 2147483647;
			files = (
				F81AFE282C39DB6F00A82813 /* Preview Assets.xcassets in Resources */,
				F81AFE252C39DB6F00A82813 /* Assets.xcassets in Resources */,
			);
			runOnlyForDeploymentPostprocessing = 0;
		};
/* End PBXResourcesBuildPhase section */

/* Begin PBXSourcesBuildPhase section */
		F81AFE192C39DB6D00A82813 /* Sources */ = {
			isa = PBXSourcesBuildPhase;
			buildActionMask = 2147483647;
			files = (
				F81AFE412C39E33700A82813 /* NetworkManager.swift in Sources */,
				F81AFE3B2C39E0D300A82813 /* Image+Extension.swift in Sources */,
				F81AFE3D2C39E14B00A82813 /* AppetizerItem.swift in Sources */,
				F83FDE592C3A159F008F650A /* APButton.swift in Sources */,
				F81AFE432C39E6CF00A82813 /* AppetizerListViewModel.swift in Sources */,
				F81AFE382C39DE5300A82813 /* Appetizer.swift in Sources */,
				F81AFE472C39EAAA00A82813 /* LoadingView.swift in Sources */,
				F81AFE2F2C39DBAD00A82813 /* AccountView.swift in Sources */,
				F83FDE5D2C3A1A87008F650A /* String+Extension.swift in Sources */,
				F81AFE312C39DBB400A82813 /* AppetizerListView.swift in Sources */,
				F81AFE4A2C39ED8E00A82813 /* AppetizerDetailView.swift in Sources */,
				F83FDE5B2C3A19C3008F650A /* AccountViewModel.swift in Sources */,
				F81AFE232C39DB6D00A82813 /* AppetizerTabView.swift in Sources */,
				F81AFE452C39E8B100A82813 /* Alert.swift in Sources */,
				F83FDE5F2C3A1C89008F650A /* User.swift in Sources */,
				F81AFE212C39DB6D00A82813 /* AppetizersApp.swift in Sources */,
				F81AFE332C39DBB900A82813 /* OrderView.swift in Sources */,
				F8E97D182C3A01B9002837C2 /* AppetizerInfoView.swift in Sources */,
			);
			runOnlyForDeploymentPostprocessing = 0;
		};
/* End PBXSourcesBuildPhase section */

/* Begin XCBuildConfiguration section */
		F81AFE292C39DB6F00A82813 /* Debug */ = {
			isa = XCBuildConfiguration;
			buildSettings = {
				ALWAYS_SEARCH_USER_PATHS = NO;
				ASSETCATALOG_COMPILER_GENERATE_SWIFT_ASSET_SYMBOL_EXTENSIONS = YES;
				CLANG_ANALYZER_NONNULL = YES;
				CLANG_ANALYZER_NUMBER_OBJECT_CONVERSION = YES_AGGRESSIVE;
				CLANG_CXX_LANGUAGE_STANDARD = "gnu++20";
				CLANG_ENABLE_MODULES = YES;
				CLANG_ENABLE_OBJC_ARC = YES;
				CLANG_ENABLE_OBJC_WEAK = YES;
				CLANG_WARN_BLOCK_CAPTURE_AUTORELEASING = YES;
				CLANG_WARN_BOOL_CONVERSION = YES;
				CLANG_WARN_COMMA = YES;
				CLANG_WARN_CONSTANT_CONVERSION = YES;
				CLANG_WARN_DEPRECATED_OBJC_IMPLEMENTATIONS = YES;
				CLANG_WARN_DIRECT_OBJC_ISA_USAGE = YES_ERROR;
				CLANG_WARN_DOCUMENTATION_COMMENTS = YES;
				CLANG_WARN_EMPTY_BODY = YES;
				CLANG_WARN_ENUM_CONVERSION = YES;
				CLANG_WARN_INFINITE_RECURSION = YES;
				CLANG_WARN_INT_CONVERSION = YES;
				CLANG_WARN_NON_LITERAL_NULL_CONVERSION = YES;
				CLANG_WARN_OBJC_IMPLICIT_RETAIN_SELF = YES;
				CLANG_WARN_OBJC_LITERAL_CONVERSION = YES;
				CLANG_WARN_OBJC_ROOT_CLASS = YES_ERROR;
				CLANG_WARN_QUOTED_INCLUDE_IN_FRAMEWORK_HEADER = YES;
				CLANG_WARN_RANGE_LOOP_ANALYSIS = YES;
				CLANG_WARN_STRICT_PROTOTYPES = YES;
				CLANG_WARN_SUSPICIOUS_MOVE = YES;
				CLANG_WARN_UNGUARDED_AVAILABILITY = YES_AGGRESSIVE;
				CLANG_WARN_UNREACHABLE_CODE = YES;
				CLANG_WARN__DUPLICATE_METHOD_MATCH = YES;
				COPY_PHASE_STRIP = NO;
				DEBUG_INFORMATION_FORMAT = dwarf;
				ENABLE_STRICT_OBJC_MSGSEND = YES;
				ENABLE_TESTABILITY = YES;
				ENABLE_USER_SCRIPT_SANDBOXING = YES;
				GCC_C_LANGUAGE_STANDARD = gnu17;
				GCC_DYNAMIC_NO_PIC = NO;
				GCC_NO_COMMON_BLOCKS = YES;
				GCC_OPTIMIZATION_LEVEL = 0;
				GCC_PREPROCESSOR_DEFINITIONS = (
					"DEBUG=1",
					"$(inherited)",
				);
				GCC_WARN_64_TO_32_BIT_CONVERSION = YES;
				GCC_WARN_ABOUT_RETURN_TYPE = YES_ERROR;
				GCC_WARN_UNDECLARED_SELECTOR = YES;
				GCC_WARN_UNINITIALIZED_AUTOS = YES_AGGRESSIVE;
				GCC_WARN_UNUSED_FUNCTION = YES;
				GCC_WARN_UNUSED_VARIABLE = YES;
				IPHONEOS_DEPLOYMENT_TARGET = 17.5;
				LOCALIZATION_PREFERS_STRING_CATALOGS = YES;
				MTL_ENABLE_DEBUG_INFO = INCLUDE_SOURCE;
				MTL_FAST_MATH = YES;
				ONLY_ACTIVE_ARCH = YES;
				SDKROOT = iphoneos;
				SWIFT_ACTIVE_COMPILATION_CONDITIONS = "DEBUG $(inherited)";
				SWIFT_OPTIMIZATION_LEVEL = "-Onone";
			};
			name = Debug;
		};
		F81AFE2A2C39DB6F00A82813 /* Release */ = {
			isa = XCBuildConfiguration;
			buildSettings = {
				ALWAYS_SEARCH_USER_PATHS = NO;
				ASSETCATALOG_COMPILER_GENERATE_SWIFT_ASSET_SYMBOL_EXTENSIONS = YES;
				CLANG_ANALYZER_NONNULL = YES;
				CLANG_ANALYZER_NUMBER_OBJECT_CONVERSION = YES_AGGRESSIVE;
				CLANG_CXX_LANGUAGE_STANDARD = "gnu++20";
				CLANG_ENABLE_MODULES = YES;
				CLANG_ENABLE_OBJC_ARC = YES;
				CLANG_ENABLE_OBJC_WEAK = YES;
				CLANG_WARN_BLOCK_CAPTURE_AUTORELEASING = YES;
				CLANG_WARN_BOOL_CONVERSION = YES;
				CLANG_WARN_COMMA = YES;
				CLANG_WARN_CONSTANT_CONVERSION = YES;
				CLANG_WARN_DEPRECATED_OBJC_IMPLEMENTATIONS = YES;
				CLANG_WARN_DIRECT_OBJC_ISA_USAGE = YES_ERROR;
				CLANG_WARN_DOCUMENTATION_COMMENTS = YES;
				CLANG_WARN_EMPTY_BODY = YES;
				CLANG_WARN_ENUM_CONVERSION = YES;
				CLANG_WARN_INFINITE_RECURSION = YES;
				CLANG_WARN_INT_CONVERSION = YES;
				CLANG_WARN_NON_LITERAL_NULL_CONVERSION = YES;
				CLANG_WARN_OBJC_IMPLICIT_RETAIN_SELF = YES;
				CLANG_WARN_OBJC_LITERAL_CONVERSION = YES;
				CLANG_WARN_OBJC_ROOT_CLASS = YES_ERROR;
				CLANG_WARN_QUOTED_INCLUDE_IN_FRAMEWORK_HEADER = YES;
				CLANG_WARN_RANGE_LOOP_ANALYSIS = YES;
				CLANG_WARN_STRICT_PROTOTYPES = YES;
				CLANG_WARN_SUSPICIOUS_MOVE = YES;
				CLANG_WARN_UNGUARDED_AVAILABILITY = YES_AGGRESSIVE;
				CLANG_WARN_UNREACHABLE_CODE = YES;
				CLANG_WARN__DUPLICATE_METHOD_MATCH = YES;
				COPY_PHASE_STRIP = NO;
				DEBUG_INFORMATION_FORMAT = "dwarf-with-dsym";
				ENABLE_NS_ASSERTIONS = NO;
				ENABLE_STRICT_OBJC_MSGSEND = YES;
				ENABLE_USER_SCRIPT_SANDBOXING = YES;
				GCC_C_LANGUAGE_STANDARD = gnu17;
				GCC_NO_COMMON_BLOCKS = YES;
				GCC_WARN_64_TO_32_BIT_CONVERSION = YES;
				GCC_WARN_ABOUT_RETURN_TYPE = YES_ERROR;
				GCC_WARN_UNDECLARED_SELECTOR = YES;
				GCC_WARN_UNINITIALIZED_AUTOS = YES_AGGRESSIVE;
				GCC_WARN_UNUSED_FUNCTION = YES;
				GCC_WARN_UNUSED_VARIABLE = YES;
				IPHONEOS_DEPLOYMENT_TARGET = 17.5;
				LOCALIZATION_PREFERS_STRING_CATALOGS = YES;
				MTL_ENABLE_DEBUG_INFO = NO;
				MTL_FAST_MATH = YES;
				SDKROOT = iphoneos;
				SWIFT_COMPILATION_MODE = wholemodule;
				VALIDATE_PRODUCT = YES;
			};
			name = Release;
		};
		F81AFE2C2C39DB6F00A82813 /* Debug */ = {
			isa = XCBuildConfiguration;
			buildSettings = {
				ASSETCATALOG_COMPILER_APPICON_NAME = AppIcon;
				ASSETCATALOG_COMPILER_GLOBAL_ACCENT_COLOR_NAME = AccentColor;
				CODE_SIGN_STYLE = Automatic;
				CURRENT_PROJECT_VERSION = 1;
				DEVELOPMENT_ASSET_PATHS = "\"Appetizers/Preview Content\"";
				DEVELOPMENT_TEAM = EKTL473TZ9;
				ENABLE_PREVIEWS = YES;
				GENERATE_INFOPLIST_FILE = YES;
				INFOPLIST_KEY_UIApplicationSceneManifest_Generation = YES;
				INFOPLIST_KEY_UIApplicationSupportsIndirectInputEvents = YES;
				INFOPLIST_KEY_UILaunchScreen_Generation = YES;
				INFOPLIST_KEY_UISupportedInterfaceOrientations_iPad = "UIInterfaceOrientationPortrait UIInterfaceOrientationPortraitUpsideDown UIInterfaceOrientationLandscapeLeft UIInterfaceOrientationLandscapeRight";
				INFOPLIST_KEY_UISupportedInterfaceOrientations_iPhone = "UIInterfaceOrientationPortrait UIInterfaceOrientationLandscapeLeft UIInterfaceOrientationLandscapeRight";
				LD_RUNPATH_SEARCH_PATHS = (
					"$(inherited)",
					"@executable_path/Frameworks",
				);
				MARKETING_VERSION = 1.0;
				PRODUCT_BUNDLE_IDENTIFIER = com.test.Appetizers;
				PRODUCT_NAME = "$(TARGET_NAME)";
				SWIFT_EMIT_LOC_STRINGS = YES;
				SWIFT_VERSION = 5.0;
				TARGETED_DEVICE_FAMILY = "1,2";
			};
			name = Debug;
		};
		F81AFE2D2C39DB6F00A82813 /* Release */ = {
			isa = XCBuildConfiguration;
			buildSettings = {
				ASSETCATALOG_COMPILER_APPICON_NAME = AppIcon;
				ASSETCATALOG_COMPILER_GLOBAL_ACCENT_COLOR_NAME = AccentColor;
				CODE_SIGN_STYLE = Automatic;
				CURRENT_PROJECT_VERSION = 1;
				DEVELOPMENT_ASSET_PATHS = "\"Appetizers/Preview Content\"";
				DEVELOPMENT_TEAM = EKTL473TZ9;
				ENABLE_PREVIEWS = YES;
				GENERATE_INFOPLIST_FILE = YES;
				INFOPLIST_KEY_UIApplicationSceneManifest_Generation = YES;
				INFOPLIST_KEY_UIApplicationSupportsIndirectInputEvents = YES;
				INFOPLIST_KEY_UILaunchScreen_Generation = YES;
				INFOPLIST_KEY_UISupportedInterfaceOrientations_iPad = "UIInterfaceOrientationPortrait UIInterfaceOrientationPortraitUpsideDown UIInterfaceOrientationLandscapeLeft UIInterfaceOrientationLandscapeRight";
				INFOPLIST_KEY_UISupportedInterfaceOrientations_iPhone = "UIInterfaceOrientationPortrait UIInterfaceOrientationLandscapeLeft UIInterfaceOrientationLandscapeRight";
				LD_RUNPATH_SEARCH_PATHS = (
					"$(inherited)",
					"@executable_path/Frameworks",
				);
				MARKETING_VERSION = 1.0;
				PRODUCT_BUNDLE_IDENTIFIER = com.test.Appetizers;
				PRODUCT_NAME = "$(TARGET_NAME)";
				SWIFT_EMIT_LOC_STRINGS = YES;
				SWIFT_VERSION = 5.0;
				TARGETED_DEVICE_FAMILY = "1,2";
			};
			name = Release;
		};
/* End XCBuildConfiguration section */

/* Begin XCConfigurationList section */
		F81AFE182C39DB6D00A82813 /* Build configuration list for PBXProject "Appetizers" */ = {
			isa = XCConfigurationList;
			buildConfigurations = (
				F81AFE292C39DB6F00A82813 /* Debug */,
				F81AFE2A2C39DB6F00A82813 /* Release */,
			);
			defaultConfigurationIsVisible = 0;
			defaultConfigurationName = Release;
		};
		F81AFE2B2C39DB6F00A82813 /* Build configuration list for PBXNativeTarget "Appetizers" */ = {
			isa = XCConfigurationList;
			buildConfigurations = (
				F81AFE2C2C39DB6F00A82813 /* Debug */,
				F81AFE2D2C39DB6F00A82813 /* Release */,
			);
			defaultConfigurationIsVisible = 0;
			defaultConfigurationName = Release;
		};
/* End XCConfigurationList section */
	};
	rootObject = F81AFE152C39DB6D00A82813 /* Project object */;
}
